
Microsoft Visual Studio Solution File, Format Version 12.00
# Visual Studio Version 16
VisualStudioVersion = 16.0.30621.155
MinimumVisualStudioVersion = 10.0.40219.1
Project("{FAE04EC0-301F-11D3-BF4B-00C04F79EFBC}") = "WebView2RequestFocusExample", "WebView2RequestFocusExample.csproj", "{69842A32-A764-42AE-8D94-2E1E0693C769}"
EndProject
Global
	GlobalSection(SolutionConfigurationPlatforms) = preSolution
		Debug|Any CPU = Debug|Any CPU
		Release|Any CPU = Release|Any CPU
	EndGlobalSection
	GlobalSection(ProjectConfigurationPlatforms) = postSolution
		{69842A32-A764-42AE-8D94-2E1E0693C769}.Debug|Any CPU.ActiveCfg = Debug|Any CPU
		{69842A32-A764-42AE-8D94-2E1E0693C769}.Debug|Any CPU.Build.0 = Debug|Any CPU
		{69842A32-A764-42AE-8D94-2E1E0693C769}.Release|Any CPU.ActiveCfg = Release|Any CPU
		{69842A32-A764-42AE-8D94-2E1E0693C769}.Release|Any CPU.Build.0 = Release|Any CPU
	EndGlobalSection
	GlobalSection(SolutionProperties) = preSolution
		HideSolutionNode = FALSE
	EndGlobalSection
	GlobalSection(ExtensibilityGlobals) = postSolution
		SolutionGuid = {F1560515-16AE-453A-9AAE-900D64F83E09}
	EndGlobalSection
EndGlobal
